
Microsoft Visual Studio Solution File, Format Version 12.00
# Visual Studio Version 17
VisualStudioVersion = 17.5.002.0
MinimumVisualStudioVersion = 10.0.40219.1
Project("{2150E333-8FDC-42A3-9474-1A3956D46DE8}") = "C#", "C#", "{CAB7426D-DD0F-4903-9352-EC0F9AF709F3}"
EndProject
Project("{2150E333-8FDC-42A3-9474-1A3956D46DE8}") = "lesson_01", "lesson_01", "{A9E956C2-B483-4FDE-BA88-39BA6CA2B888}"
EndProject
Project("{9A19103F-16F7-4668-BE54-9A1E7A4F7556}") = "Example001", "C#\lesson_01\Example001\Example001.csproj", "{139CC912-9705-47E7-BDC2-DBC3377AACE3}"
EndProject
Project("{9A19103F-16F7-4668-BE54-9A1E7A4F7556}") = "Example002", "C#\lesson_01\Example002\Example002.csproj", "{E0C53F1A-9F1F-4AC7-8143-5A0D73696D69}"
EndProject
Project("{9A19103F-16F7-4668-BE54-9A1E7A4F7556}") = "Example003", "C#\lesson_01\Example003\Example003.csproj", "{44C3ADF0-6180-4600-B9E8-102D0E7EEDEA}"
EndProject
Project("{9A19103F-16F7-4668-BE54-9A1E7A4F7556}") = "Example004", "C#\lesson_01\Example004\Example004.csproj", "{5F79B2FE-66FB-451A-AB7F-5C65433D6103}"
EndProject
Project("{9A19103F-16F7-4668-BE54-9A1E7A4F7556}") = "Example005", "C#\lesson_01\Example005\Example005.csproj", "{43A0752B-C1A3-4DA8-9DA3-35F49CB0D92F}"
EndProject
Project("{9A19103F-16F7-4668-BE54-9A1E7A4F7556}") = "Example006", "C#\lesson_01\Example006\Example006.csproj", "{EC23FDFF-A57C-4F55-BEB4-C99BA54BA1AA}"
EndProject
Project("{2150E333-8FDC-42A3-9474-1A3956D46DE8}") = "lesson_02", "lesson_02", "{0B4B5F97-AA43-43CD-8428-657113D41014}"
EndProject
Project("{9A19103F-16F7-4668-BE54-9A1E7A4F7556}") = "Example001", "C#\lesson_02\Example001\Example001.csproj", "{14EE10C6-E626-4DAE-B24F-43CBEBD87D20}"
EndProject
Project("{2150E333-8FDC-42A3-9474-1A3956D46DE8}") = "HomeWork_03-12-2023", "HomeWork_03-12-2023", "{3CCBA900-AAA2-4D1A-ADD1-1CDE5D7F56A2}"
EndProject
Project("{9A19103F-16F7-4668-BE54-9A1E7A4F7556}") = "Task01", "C#\lesson_01\HomeWork_03-12-2023\Task01\Task01.csproj", "{57B0351C-0F58-4472-A811-C4CFC5B485DC}"
EndProject
Project("{9A19103F-16F7-4668-BE54-9A1E7A4F7556}") = "Task02", "C#\lesson_01\HomeWork_03-12-2023\Task02\Task02.csproj", "{32239FBB-A7BB-4F91-9F53-58E04C231D24}"
EndProject
Project("{9A19103F-16F7-4668-BE54-9A1E7A4F7556}") = "Task03", "C#\lesson_01\HomeWork_03-12-2023\Task03\Task03.csproj", "{FD2C959A-6F42-4238-939C-411B7BED9DE1}"
EndProject
Project("{9A19103F-16F7-4668-BE54-9A1E7A4F7556}") = "Task04", "C#\lesson_01\HomeWork_03-12-2023\Task04\Task04.csproj", "{B5B51775-F5CE-442C-B0D8-A27852B09E35}"
EndProject
Global
	GlobalSection(SolutionConfigurationPlatforms) = preSolution
		Debug|Any CPU = Debug|Any CPU
		Release|Any CPU = Release|Any CPU
	EndGlobalSection
	GlobalSection(ProjectConfigurationPlatforms) = postSolution
		{139CC912-9705-47E7-BDC2-DBC3377AACE3}.Debug|Any CPU.ActiveCfg = Debug|Any CPU
		{139CC912-9705-47E7-BDC2-DBC3377AACE3}.Debug|Any CPU.Build.0 = Debug|Any CPU
		{139CC912-9705-47E7-BDC2-DBC3377AACE3}.Release|Any CPU.ActiveCfg = Release|Any CPU
		{139CC912-9705-47E7-BDC2-DBC3377AACE3}.Release|Any CPU.Build.0 = Release|Any CPU
		{E0C53F1A-9F1F-4AC7-8143-5A0D73696D69}.Debug|Any CPU.ActiveCfg = Debug|Any CPU
		{E0C53F1A-9F1F-4AC7-8143-5A0D73696D69}.Debug|Any CPU.Build.0 = Debug|Any CPU
		{E0C53F1A-9F1F-4AC7-8143-5A0D73696D69}.Release|Any CPU.ActiveCfg = Release|Any CPU
		{E0C53F1A-9F1F-4AC7-8143-5A0D73696D69}.Release|Any CPU.Build.0 = Release|Any CPU
		{44C3ADF0-6180-4600-B9E8-102D0E7EEDEA}.Debug|Any CPU.ActiveCfg = Debug|Any CPU
		{44C3ADF0-6180-4600-B9E8-102D0E7EEDEA}.Debug|Any CPU.Build.0 = Debug|Any CPU
		{44C3ADF0-6180-4600-B9E8-102D0E7EEDEA}.Release|Any CPU.ActiveCfg = Release|Any CPU
		{44C3ADF0-6180-4600-B9E8-102D0E7EEDEA}.Release|Any CPU.Build.0 = Release|Any CPU
		{5F79B2FE-66FB-451A-AB7F-5C65433D6103}.Debug|Any CPU.ActiveCfg = Debug|Any CPU
		{5F79B2FE-66FB-451A-AB7F-5C65433D6103}.Debug|Any CPU.Build.0 = Debug|Any CPU
		{5F79B2FE-66FB-451A-AB7F-5C65433D6103}.Release|Any CPU.ActiveCfg = Release|Any CPU
		{5F79B2FE-66FB-451A-AB7F-5C65433D6103}.Release|Any CPU.Build.0 = Release|Any CPU
		{43A0752B-C1A3-4DA8-9DA3-35F49CB0D92F}.Debug|Any CPU.ActiveCfg = Debug|Any CPU
		{43A0752B-C1A3-4DA8-9DA3-35F49CB0D92F}.Debug|Any CPU.Build.0 = Debug|Any CPU
		{43A0752B-C1A3-4DA8-9DA3-35F49CB0D92F}.Release|Any CPU.ActiveCfg = Release|Any CPU
		{43A0752B-C1A3-4DA8-9DA3-35F49CB0D92F}.Release|Any CPU.Build.0 = Release|Any CPU
		{EC23FDFF-A57C-4F55-BEB4-C99BA54BA1AA}.Debug|Any CPU.ActiveCfg = Debug|Any CPU
		{EC23FDFF-A57C-4F55-BEB4-C99BA54BA1AA}.Debug|Any CPU.Build.0 = Debug|Any CPU
		{EC23FDFF-A57C-4F55-BEB4-C99BA54BA1AA}.Release|Any CPU.ActiveCfg = Release|Any CPU
		{EC23FDFF-A57C-4F55-BEB4-C99BA54BA1AA}.Release|Any CPU.Build.0 = Release|Any CPU
		{14EE10C6-E626-4DAE-B24F-43CBEBD87D20}.Debug|Any CPU.ActiveCfg = Debug|Any CPU
		{14EE10C6-E626-4DAE-B24F-43CBEBD87D20}.Debug|Any CPU.Build.0 = Debug|Any CPU
		{14EE10C6-E626-4DAE-B24F-43CBEBD87D20}.Release|Any CPU.ActiveCfg = Release|Any CPU
		{14EE10C6-E626-4DAE-B24F-43CBEBD87D20}.Release|Any CPU.Build.0 = Release|Any CPU
		{57B0351C-0F58-4472-A811-C4CFC5B485DC}.Debug|Any CPU.ActiveCfg = Debug|Any CPU
		{57B0351C-0F58-4472-A811-C4CFC5B485DC}.Debug|Any CPU.Build.0 = Debug|Any CPU
		{57B0351C-0F58-4472-A811-C4CFC5B485DC}.Release|Any CPU.ActiveCfg = Release|Any CPU
		{57B0351C-0F58-4472-A811-C4CFC5B485DC}.Release|Any CPU.Build.0 = Release|Any CPU
		{32239FBB-A7BB-4F91-9F53-58E04C231D24}.Debug|Any CPU.ActiveCfg = Debug|Any CPU
		{32239FBB-A7BB-4F91-9F53-58E04C231D24}.Debug|Any CPU.Build.0 = Debug|Any CPU
		{32239FBB-A7BB-4F91-9F53-58E04C231D24}.Release|Any CPU.ActiveCfg = Release|Any CPU
		{32239FBB-A7BB-4F91-9F53-58E04C231D24}.Release|Any CPU.Build.0 = Release|Any CPU
		{FD2C959A-6F42-4238-939C-411B7BED9DE1}.Debug|Any CPU.ActiveCfg = Debug|Any CPU
		{FD2C959A-6F42-4238-939C-411B7BED9DE1}.Debug|Any CPU.Build.0 = Debug|Any CPU
		{FD2C959A-6F42-4238-939C-411B7BED9DE1}.Release|Any CPU.ActiveCfg = Release|Any CPU
		{FD2C959A-6F42-4238-939C-411B7BED9DE1}.Release|Any CPU.Build.0 = Release|Any CPU
		{B5B51775-F5CE-442C-B0D8-A27852B09E35}.Debug|Any CPU.ActiveCfg = Debug|Any CPU
		{B5B51775-F5CE-442C-B0D8-A27852B09E35}.Debug|Any CPU.Build.0 = Debug|Any CPU
		{B5B51775-F5CE-442C-B0D8-A27852B09E35}.Release|Any CPU.ActiveCfg = Release|Any CPU
		{B5B51775-F5CE-442C-B0D8-A27852B09E35}.Release|Any CPU.Build.0 = Release|Any CPU
	EndGlobalSection
	GlobalSection(SolutionProperties) = preSolution
		HideSolutionNode = FALSE
	EndGlobalSection
	GlobalSection(NestedProjects) = preSolution
		{A9E956C2-B483-4FDE-BA88-39BA6CA2B888} = {CAB7426D-DD0F-4903-9352-EC0F9AF709F3}
		{139CC912-9705-47E7-BDC2-DBC3377AACE3} = {A9E956C2-B483-4FDE-BA88-39BA6CA2B888}
		{E0C53F1A-9F1F-4AC7-8143-5A0D73696D69} = {A9E956C2-B483-4FDE-BA88-39BA6CA2B888}
		{44C3ADF0-6180-4600-B9E8-102D0E7EEDEA} = {A9E956C2-B483-4FDE-BA88-39BA6CA2B888}
		{5F79B2FE-66FB-451A-AB7F-5C65433D6103} = {A9E956C2-B483-4FDE-BA88-39BA6CA2B888}
		{43A0752B-C1A3-4DA8-9DA3-35F49CB0D92F} = {A9E956C2-B483-4FDE-BA88-39BA6CA2B888}
		{EC23FDFF-A57C-4F55-BEB4-C99BA54BA1AA} = {A9E956C2-B483-4FDE-BA88-39BA6CA2B888}
		{0B4B5F97-AA43-43CD-8428-657113D41014} = {CAB7426D-DD0F-4903-9352-EC0F9AF709F3}
		{14EE10C6-E626-4DAE-B24F-43CBEBD87D20} = {0B4B5F97-AA43-43CD-8428-657113D41014}
		{3CCBA900-AAA2-4D1A-ADD1-1CDE5D7F56A2} = {A9E956C2-B483-4FDE-BA88-39BA6CA2B888}
		{57B0351C-0F58-4472-A811-C4CFC5B485DC} = {3CCBA900-AAA2-4D1A-ADD1-1CDE5D7F56A2}
		{32239FBB-A7BB-4F91-9F53-58E04C231D24} = {3CCBA900-AAA2-4D1A-ADD1-1CDE5D7F56A2}
		{FD2C959A-6F42-4238-939C-411B7BED9DE1} = {3CCBA900-AAA2-4D1A-ADD1-1CDE5D7F56A2}
		{B5B51775-F5CE-442C-B0D8-A27852B09E35} = {3CCBA900-AAA2-4D1A-ADD1-1CDE5D7F56A2}
	EndGlobalSection
	GlobalSection(ExtensibilityGlobals) = postSolution
		SolutionGuid = {57253FA1-84F1-4068-82F7-767E6E161444}
	EndGlobalSection
EndGlobal
